
Microsoft Visual Studio Solution File, Format Version 12.00
# Visual Studio Version 16
VisualStudioVersion = 16.0.28803.352
MinimumVisualStudioVersion = 10.0.40219.1
Project("{FAE04EC0-301F-11D3-BF4B-00C04F79EFBC}") = "DevFriend_API", "DevFriend_API\DevFriend_API.csproj", "{8D11D34F-58B2-4A17-9964-DE032E01A9F8}"
EndProject
Global
	GlobalSection(SolutionConfigurationPlatforms) = preSolution
		Debug|Any CPU = Debug|Any CPU
		Release|Any CPU = Release|Any CPU
	EndGlobalSection
	GlobalSection(ProjectConfigurationPlatforms) = postSolution
		{8D11D34F-58B2-4A17-9964-DE032E01A9F8}.Debug|Any CPU.ActiveCfg = Debug|Any CPU
		{8D11D34F-58B2-4A17-9964-DE032E01A9F8}.Debug|Any CPU.Build.0 = Debug|Any CPU
		{8D11D34F-58B2-4A17-9964-DE032E01A9F8}.Release|Any CPU.ActiveCfg = Release|Any CPU
		{8D11D34F-58B2-4A17-9964-DE032E01A9F8}.Release|Any CPU.Build.0 = Release|Any CPU
	EndGlobalSection
	GlobalSection(SolutionProperties) = preSolution
		HideSolutionNode = FALSE
	EndGlobalSection
	GlobalSection(ExtensibilityGlobals) = postSolution
		SolutionGuid = {7E572C58-9EA9-4B6D-86EA-9339F70EE407}
	EndGlobalSection
EndGlobal
